// !$*UTF8*$!
{
	archiveVersion = 1;
	classes = {
	};
	objectVersion = 46;
	objects = {

/* Begin PBXBuildFile section */
		D2CB7DCF1F78E7A10010423E /* main.m in Sources */ = {isa = PBXBuildFile; fileRef = D2CB7DCE1F78E7A10010423E /* main.m */; };
		D2CB7DD21F78E7A10010423E /* AppDelegate.m in Sources */ = {isa = PBXBuildFile; fileRef = D2CB7DD11F78E7A10010423E /* AppDelegate.m */; };
		D2CB7DD51F78E7A10010423E /* ViewController.m in Sources */ = {isa = PBXBuildFile; fileRef = D2CB7DD41F78E7A10010423E /* ViewController.m */; };
		D2CB7DD81F78E7A10010423E /* Main.storyboard in Resources */ = {isa = PBXBuildFile; fileRef = D2CB7DD61F78E7A10010423E /* Main.storyboard */; };
		D2CB7DDA1F78E7A10010423E /* Assets.xcassets in Resources */ = {isa = PBXBuildFile; fileRef = D2CB7DD91F78E7A10010423E /* Assets.xcassets */; };
		D2CB7DDD1F78E7A10010423E /* LaunchScreen.storyboard in Resources */ = {isa = PBXBuildFile; fileRef = D2CB7DDB1F78E7A10010423E /* LaunchScreen.storyboard */; };
		D2CB7DE81F78E7A10010423E /* DataPersistenceTests.m in Sources */ = {isa = PBXBuildFile; fileRef = D2CB7DE71F78E7A10010423E /* DataPersistenceTests.m */; };
		D2CB7DF31F78E7A10010423E /* DataPersistenceUITests.m in Sources */ = {isa = PBXBuildFile; fileRef = D2CB7DF21F78E7A10010423E /* DataPersistenceUITests.m */; };
		D2CB7E021F78EB630010423E /* NSKeyedArchiverVC.m in Sources */ = {isa = PBXBuildFile; fileRef = D2CB7E011F78EB630010423E /* NSKeyedArchiverVC.m */; };
		D2CB7E051F79E2AA0010423E /* WriteToFileVC.m in Sources */ = {isa = PBXBuildFile; fileRef = D2CB7E041F79E2AA0010423E /* WriteToFileVC.m */; };
		D2CB7E111F7A32D60010423E /* NSArray+DesCription.m in Sources */ = {isa = PBXBuildFile; fileRef = D2CB7E0D1F7A32D60010423E /* NSArray+DesCription.m */; };
		D2CB7E121F7A32D60010423E /* NSDictionary+DesCription.m in Sources */ = {isa = PBXBuildFile; fileRef = D2CB7E101F7A32D60010423E /* NSDictionary+DesCription.m */; };
		D2DE96431F8F0CB200E0E050 /* CoreDataVC.m in Sources */ = {isa = PBXBuildFile; fileRef = D2DE96421F8F0CB200E0E050 /* CoreDataVC.m */; };
		D2DE96461F8F0CF300E0E050 /* Model.xcdatamodeld in Sources */ = {isa = PBXBuildFile; fileRef = D2DE96441F8F0CF300E0E050 /* Model.xcdatamodeld */; };
		D2DE96491F8F0D1200E0E050 /* CoreData.framework in Frameworks */ = {isa = PBXBuildFile; fileRef = D2DE96481F8F0D1200E0E050 /* CoreData.framework */; };
		D2DE96BE1F8F6C5700E0E050 /* Person+CoreDataClass.m in Sources */ = {isa = PBXBuildFile; fileRef = D2DE96B71F8F6C5700E0E050 /* Person+CoreDataClass.m */; };
		D2DE96BF1F8F6C5700E0E050 /* Person+CoreDataProperties.m in Sources */ = {isa = PBXBuildFile; fileRef = D2DE96B91F8F6C5700E0E050 /* Person+CoreDataProperties.m */; };
		D2DE96C01F8F6C5700E0E050 /* Card+CoreDataClass.m in Sources */ = {isa = PBXBuildFile; fileRef = D2DE96BB1F8F6C5700E0E050 /* Card+CoreDataClass.m */; };
		D2DE96C11F8F6C5700E0E050 /* Card+CoreDataProperties.m in Sources */ = {isa = PBXBuildFile; fileRef = D2DE96BD1F8F6C5700E0E050 /* Card+CoreDataProperties.m */; };
/* End PBXBuildFile section */

/* Begin PBXContainerItemProxy section */
		D2CB7DE41F78E7A10010423E /* PBXContainerItemProxy */ = {
			isa = PBXContainerItemProxy;
			containerPortal = D2CB7DC21F78E7A00010423E /* Project object */;
			proxyType = 1;
			remoteGlobalIDString = D2CB7DC91F78E7A10010423E;
			remoteInfo = DataPersistence;
		};
		D2CB7DEF1F78E7A10010423E /* PBXContainerItemProxy */ = {
			isa = PBXContainerItemProxy;
			containerPortal = D2CB7DC21F78E7A00010423E /* Project object */;
			proxyType = 1;
			remoteGlobalIDString = D2CB7DC91F78E7A10010423E;
			remoteInfo = DataPersistence;
		};
/* End PBXContainerItemProxy section */

/* Begin PBXFileReference section */
		D2CB7DCA1F78E7A10010423E /* DataPersistence.app */ = {isa = PBXFileReference; explicitFileType = wrapper.application; includeInIndex = 0; path = DataPersistence.app; sourceTree = BUILT_PRODUCTS_DIR; };
		D2CB7DCE1F78E7A10010423E /* main.m */ = {isa = PBXFileReference; lastKnownFileType = sourcecode.c.objc; path = main.m; sourceTree = "<group>"; };
		D2CB7DD01F78E7A10010423E /* AppDelegate.h */ = {isa = PBXFileReference; lastKnownFileType = sourcecode.c.h; path = AppDelegate.h; sourceTree = "<group>"; };
		D2CB7DD11F78E7A10010423E /* AppDelegate.m */ = {isa = PBXFileReference; lastKnownFileType = sourcecode.c.objc; path = AppDelegate.m; sourceTree = "<group>"; };
		D2CB7DD31F78E7A10010423E /* ViewController.h */ = {isa = PBXFileReference; lastKnownFileType = sourcecode.c.h; path = ViewController.h; sourceTree = "<group>"; };
		D2CB7DD41F78E7A10010423E /* ViewController.m */ = {isa = PBXFileReference; lastKnownFileType = sourcecode.c.objc; path = ViewController.m; sourceTree = "<group>"; };
		D2CB7DD71F78E7A10010423E /* Base */ = {isa = PBXFileReference; lastKnownFileType = file.storyboard; name = Base; path = Base.lproj/Main.storyboard; sourceTree = "<group>"; };
		D2CB7DD91F78E7A10010423E /* Assets.xcassets */ = {isa = PBXFileReference; lastKnownFileType = folder.assetcatalog; path = Assets.xcassets; sourceTree = "<group>"; };
		D2CB7DDC1F78E7A10010423E /* Base */ = {isa = PBXFileReference; lastKnownFileType = file.storyboard; name = Base; path = Base.lproj/LaunchScreen.storyboard; sourceTree = "<group>"; };
		D2CB7DDE1F78E7A10010423E /* Info.plist */ = {isa = PBXFileReference; lastKnownFileType = text.plist.xml; path = Info.plist; sourceTree = "<group>"; };
		D2CB7DE31F78E7A10010423E /* DataPersistenceTests.xctest */ = {isa = PBXFileReference; explicitFileType = wrapper.cfbundle; includeInIndex = 0; path = DataPersistenceTests.xctest; sourceTree = BUILT_PRODUCTS_DIR; };
		D2CB7DE71F78E7A10010423E /* DataPersistenceTests.m */ = {isa = PBXFileReference; lastKnownFileType = sourcecode.c.objc; path = DataPersistenceTests.m; sourceTree = "<group>"; };
		D2CB7DE91F78E7A10010423E /* Info.plist */ = {isa = PBXFileReference; lastKnownFileType = text.plist.xml; path = Info.plist; sourceTree = "<group>"; };
		D2CB7DEE1F78E7A10010423E /* DataPersistenceUITests.xctest */ = {isa = PBXFileReference; explicitFileType = wrapper.cfbundle; includeInIndex = 0; path = DataPersistenceUITests.xctest; sourceTree = BUILT_PRODUCTS_DIR; };
		D2CB7DF21F78E7A10010423E /* DataPersistenceUITests.m */ = {isa = PBXFileReference; lastKnownFileType = sourcecode.c.objc; path = DataPersistenceUITests.m; sourceTree = "<group>"; };
		D2CB7DF41F78E7A10010423E /* Info.plist */ = {isa = PBXFileReference; lastKnownFileType = text.plist.xml; path = Info.plist; sourceTree = "<group>"; };
		D2CB7E001F78EB630010423E /* NSKeyedArchiverVC.h */ = {isa = PBXFileReference; fileEncoding = 4; lastKnownFileType = sourcecode.c.h; path = NSKeyedArchiverVC.h; sourceTree = "<group>"; };
		D2CB7E011F78EB630010423E /* NSKeyedArchiverVC.m */ = {isa = PBXFileReference; fileEncoding = 4; lastKnownFileType = sourcecode.c.objc; path = NSKeyedArchiverVC.m; sourceTree = "<group>"; };
		D2CB7E031F79E2AA0010423E /* WriteToFileVC.h */ = {isa = PBXFileReference; fileEncoding = 4; lastKnownFileType = sourcecode.c.h; path = WriteToFileVC.h; sourceTree = "<group>"; };
		D2CB7E041F79E2AA0010423E /* WriteToFileVC.m */ = {isa = PBXFileReference; fileEncoding = 4; lastKnownFileType = sourcecode.c.objc; path = WriteToFileVC.m; sourceTree = "<group>"; };
		D2CB7E0D1F7A32D60010423E /* NSArray+DesCription.m */ = {isa = PBXFileReference; fileEncoding = 4; lastKnownFileType = sourcecode.c.objc; path = "NSArray+DesCription.m"; sourceTree = "<group>"; };
		D2CB7E0E1F7A32D60010423E /* NSDictionary+DesCription.h */ = {isa = PBXFileReference; fileEncoding = 4; lastKnownFileType = sourcecode.c.h; path = "NSDictionary+DesCription.h"; sourceTree = "<group>"; };
		D2CB7E0F1F7A32D60010423E /* NSArray+DesCription.h */ = {isa = PBXFileReference; fileEncoding = 4; lastKnownFileType = sourcecode.c.h; path = "NSArray+DesCription.h"; sourceTree = "<group>"; };
		D2CB7E101F7A32D60010423E /* NSDictionary+DesCription.m */ = {isa = PBXFileReference; fileEncoding = 4; lastKnownFileType = sourcecode.c.objc; path = "NSDictionary+DesCription.m"; sourceTree = "<group>"; };
		D2DE96411F8F0CB200E0E050 /* CoreDataVC.h */ = {isa = PBXFileReference; fileEncoding = 4; lastKnownFileType = sourcecode.c.h; path = CoreDataVC.h; sourceTree = "<group>"; };
		D2DE96421F8F0CB200E0E050 /* CoreDataVC.m */ = {isa = PBXFileReference; fileEncoding = 4; lastKnownFileType = sourcecode.c.objc; path = CoreDataVC.m; sourceTree = "<group>"; };
		D2DE96451F8F0CF300E0E050 /* Model.xcdatamodel */ = {isa = PBXFileReference; lastKnownFileType = wrapper.xcdatamodel; path = Model.xcdatamodel; sourceTree = "<group>"; };
		D2DE96481F8F0D1200E0E050 /* CoreData.framework */ = {isa = PBXFileReference; lastKnownFileType = wrapper.framework; name = CoreData.framework; path = System/Library/Frameworks/CoreData.framework; sourceTree = SDKROOT; };
		D2DE96B61F8F6C5700E0E050 /* Person+CoreDataClass.h */ = {isa = PBXFileReference; fileEncoding = 4; lastKnownFileType = sourcecode.c.h; path = "Person+CoreDataClass.h"; sourceTree = "<group>"; };
		D2DE96B71F8F6C5700E0E050 /* Person+CoreDataClass.m */ = {isa = PBXFileReference; fileEncoding = 4; lastKnownFileType = sourcecode.c.objc; path = "Person+CoreDataClass.m"; sourceTree = "<group>"; };
		D2DE96B81F8F6C5700E0E050 /* Person+CoreDataProperties.h */ = {isa = PBXFileReference; fileEncoding = 4; lastKnownFileType = sourcecode.c.h; path = "Person+CoreDataProperties.h"; sourceTree = "<group>"; };
		D2DE96B91F8F6C5700E0E050 /* Person+CoreDataProperties.m */ = {isa = PBXFileReference; fileEncoding = 4; lastKnownFileType = sourcecode.c.objc; path = "Person+CoreDataProperties.m"; sourceTree = "<group>"; };
		D2DE96BA1F8F6C5700E0E050 /* Card+CoreDataClass.h */ = {isa = PBXFileReference; fileEncoding = 4; lastKnownFileType = sourcecode.c.h; path = "Card+CoreDataClass.h"; sourceTree = "<group>"; };
		D2DE96BB1F8F6C5700E0E050 /* Card+CoreDataClass.m */ = {isa = PBXFileReference; fileEncoding = 4; lastKnownFileType = sourcecode.c.objc; path = "Card+CoreDataClass.m"; sourceTree = "<group>"; };
		D2DE96BC1F8F6C5700E0E050 /* Card+CoreDataProperties.h */ = {isa = PBXFileReference; fileEncoding = 4; lastKnownFileType = sourcecode.c.h; path = "Card+CoreDataProperties.h"; sourceTree = "<group>"; };
		D2DE96BD1F8F6C5700E0E050 /* Card+CoreDataProperties.m */ = {isa = PBXFileReference; fileEncoding = 4; lastKnownFileType = sourcecode.c.objc; path = "Card+CoreDataProperties.m"; sourceTree = "<group>"; };
/* End PBXFileReference section */

/* Begin PBXFrameworksBuildPhase section */
		D2CB7DC71F78E7A10010423E /* Frameworks */ = {
			isa = PBXFrameworksBuildPhase;
			buildActionMask = 2147483647;
			files = (
				D2DE96491F8F0D1200E0E050 /* CoreData.framework in Frameworks */,
			);
			runOnlyForDeploymentPostprocessing = 0;
		};
		D2CB7DE01F78E7A10010423E /* Frameworks */ = {
			isa = PBXFrameworksBuildPhase;
			buildActionMask = 2147483647;
			files = (
			);
			runOnlyForDeploymentPostprocessing = 0;
		};
		D2CB7DEB1F78E7A10010423E /* Frameworks */ = {
			isa = PBXFrameworksBuildPhase;
			buildActionMask = 2147483647;
			files = (
			);
			runOnlyForDeploymentPostprocessing = 0;
		};
/* End PBXFrameworksBuildPhase section */

/* Begin PBXGroup section */
		D2CB7DC11F78E7A00010423E = {
			isa = PBXGroup;
			children = (
				D2CB7DCC1F78E7A10010423E /* DataPersistence */,
				D2CB7DE61F78E7A10010423E /* DataPersistenceTests */,
				D2CB7DF11F78E7A10010423E /* DataPersistenceUITests */,
				D2CB7DCB1F78E7A10010423E /* Products */,
				D2DE96471F8F0D1200E0E050 /* Frameworks */,
			);
			sourceTree = "<group>";
		};
		D2CB7DCB1F78E7A10010423E /* Products */ = {
			isa = PBXGroup;
			children = (
				D2CB7DCA1F78E7A10010423E /* DataPersistence.app */,
				D2CB7DE31F78E7A10010423E /* DataPersistenceTests.xctest */,
				D2CB7DEE1F78E7A10010423E /* DataPersistenceUITests.xctest */,
			);
			name = Products;
			sourceTree = "<group>";
		};
		D2CB7DCC1F78E7A10010423E /* DataPersistence */ = {
			isa = PBXGroup;
			children = (
				D2DE963E1F8F0A7400E0E050 /* Plist文件 */,
				D2DE963F1F8F0A9400E0E050 /* 归档解档 */,
				D2DE96401F8F0B3B00E0E050 /* CoreData */,
				D2CB7DD61F78E7A10010423E /* Main.storyboard */,
				D2DE963D1F8F0A4E00E0E050 /* Category */,
				D2CB7DCD1F78E7A10010423E /* Supporting Files */,
			);
			path = DataPersistence;
			sourceTree = "<group>";
		};
		D2CB7DCD1F78E7A10010423E /* Supporting Files */ = {
			isa = PBXGroup;
			children = (
				D2CB7DD31F78E7A10010423E /* ViewController.h */,
				D2CB7DD41F78E7A10010423E /* ViewController.m */,
				D2CB7DD01F78E7A10010423E /* AppDelegate.h */,
				D2CB7DD11F78E7A10010423E /* AppDelegate.m */,
				D2CB7DD91F78E7A10010423E /* Assets.xcassets */,
				D2CB7DDB1F78E7A10010423E /* LaunchScreen.storyboard */,
				D2CB7DDE1F78E7A10010423E /* Info.plist */,
				D2CB7DCE1F78E7A10010423E /* main.m */,
			);
			name = "Supporting Files";
			sourceTree = "<group>";
		};
		D2CB7DE61F78E7A10010423E /* DataPersistenceTests */ = {
			isa = PBXGroup;
			children = (
				D2CB7DE71F78E7A10010423E /* DataPersistenceTests.m */,
				D2CB7DE91F78E7A10010423E /* Info.plist */,
			);
			path = DataPersistenceTests;
			sourceTree = "<group>";
		};
		D2CB7DF11F78E7A10010423E /* DataPersistenceUITests */ = {
			isa = PBXGroup;
			children = (
				D2CB7DF21F78E7A10010423E /* DataPersistenceUITests.m */,
				D2CB7DF41F78E7A10010423E /* Info.plist */,
			);
			path = DataPersistenceUITests;
			sourceTree = "<group>";
		};
		D2DE963D1F8F0A4E00E0E050 /* Category */ = {
			isa = PBXGroup;
			children = (
				D2CB7E0F1F7A32D60010423E /* NSArray+DesCription.h */,
				D2CB7E0D1F7A32D60010423E /* NSArray+DesCription.m */,
				D2CB7E0E1F7A32D60010423E /* NSDictionary+DesCription.h */,
				D2CB7E101F7A32D60010423E /* NSDictionary+DesCription.m */,
			);
			name = Category;
			sourceTree = "<group>";
		};
		D2DE963E1F8F0A7400E0E050 /* Plist文件 */ = {
			isa = PBXGroup;
			children = (
				D2CB7E031F79E2AA0010423E /* WriteToFileVC.h */,
				D2CB7E041F79E2AA0010423E /* WriteToFileVC.m */,
			);
			name = "Plist文件";
			sourceTree = "<group>";
		};
		D2DE963F1F8F0A9400E0E050 /* 归档解档 */ = {
			isa = PBXGroup;
			children = (
				D2CB7E001F78EB630010423E /* NSKeyedArchiverVC.h */,
				D2CB7E011F78EB630010423E /* NSKeyedArchiverVC.m */,
			);
			name = "归档解档";
			sourceTree = "<group>";
		};
		D2DE96401F8F0B3B00E0E050 /* CoreData */ = {
			isa = PBXGroup;
			children = (
				D2DE96411F8F0CB200E0E050 /* CoreDataVC.h */,
				D2DE96421F8F0CB200E0E050 /* CoreDataVC.m */,
				D2DE96441F8F0CF300E0E050 /* Model.xcdatamodeld */,
				D2DE96B61F8F6C5700E0E050 /* Person+CoreDataClass.h */,
				D2DE96B71F8F6C5700E0E050 /* Person+CoreDataClass.m */,
				D2DE96B81F8F6C5700E0E050 /* Person+CoreDataProperties.h */,
				D2DE96B91F8F6C5700E0E050 /* Person+CoreDataProperties.m */,
				D2DE96BA1F8F6C5700E0E050 /* Card+CoreDataClass.h */,
				D2DE96BB1F8F6C5700E0E050 /* Card+CoreDataClass.m */,
				D2DE96BC1F8F6C5700E0E050 /* Card+CoreDataProperties.h */,
				D2DE96BD1F8F6C5700E0E050 /* Card+CoreDataProperties.m */,
			);
			name = CoreData;
			sourceTree = "<group>";
		};
		D2DE96471F8F0D1200E0E050 /* Frameworks */ = {
			isa = PBXGroup;
			children = (
				D2DE96481F8F0D1200E0E050 /* CoreData.framework */,
			);
			name = Frameworks;
			sourceTree = "<group>";
		};
/* End PBXGroup section */

/* Begin PBXNativeTarget section */
		D2CB7DC91F78E7A10010423E /* DataPersistence */ = {
			isa = PBXNativeTarget;
			buildConfigurationList = D2CB7DF71F78E7A10010423E /* Build configuration list for PBXNativeTarget "DataPersistence" */;
			buildPhases = (
				D2CB7DC61F78E7A10010423E /* Sources */,
				D2CB7DC71F78E7A10010423E /* Frameworks */,
				D2CB7DC81F78E7A10010423E /* Resources */,
			);
			buildRules = (
			);
			dependencies = (
			);
			name = DataPersistence;
			productName = DataPersistence;
			productReference = D2CB7DCA1F78E7A10010423E /* DataPersistence.app */;
			productType = "com.apple.product-type.application";
		};
		D2CB7DE21F78E7A10010423E /* DataPersistenceTests */ = {
			isa = PBXNativeTarget;
			buildConfigurationList = D2CB7DFA1F78E7A10010423E /* Build configuration list for PBXNativeTarget "DataPersistenceTests" */;
			buildPhases = (
				D2CB7DDF1F78E7A10010423E /* Sources */,
				D2CB7DE01F78E7A10010423E /* Frameworks */,
				D2CB7DE11F78E7A10010423E /* Resources */,
			);
			buildRules = (
			);
			dependencies = (
				D2CB7DE51F78E7A10010423E /* PBXTargetDependency */,
			);
			name = DataPersistenceTests;
			productName = DataPersistenceTests;
			productReference = D2CB7DE31F78E7A10010423E /* DataPersistenceTests.xctest */;
			productType = "com.apple.product-type.bundle.unit-test";
		};
		D2CB7DED1F78E7A10010423E /* DataPersistenceUITests */ = {
			isa = PBXNativeTarget;
			buildConfigurationList = D2CB7DFD1F78E7A10010423E /* Build configuration list for PBXNativeTarget "DataPersistenceUITests" */;
			buildPhases = (
				D2CB7DEA1F78E7A10010423E /* Sources */,
				D2CB7DEB1F78E7A10010423E /* Frameworks */,
				D2CB7DEC1F78E7A10010423E /* Resources */,
			);
			buildRules = (
			);
			dependencies = (
				D2CB7DF01F78E7A10010423E /* PBXTargetDependency */,
			);
			name = DataPersistenceUITests;
			productName = DataPersistenceUITests;
			productReference = D2CB7DEE1F78E7A10010423E /* DataPersistenceUITests.xctest */;
			productType = "com.apple.product-type.bundle.ui-testing";
		};
/* End PBXNativeTarget section */

/* Begin PBXProject section */
		D2CB7DC21F78E7A00010423E /* Project object */ = {
			isa = PBXProject;
			attributes = {
				LastUpgradeCheck = 0830;
				ORGANIZATIONNAME = "杜文亮";
				TargetAttributes = {
					D2CB7DC91F78E7A10010423E = {
						CreatedOnToolsVersion = 8.3.3;
						ProvisioningStyle = Automatic;
					};
					D2CB7DE21F78E7A10010423E = {
						CreatedOnToolsVersion = 8.3.3;
						ProvisioningStyle = Automatic;
						TestTargetID = D2CB7DC91F78E7A10010423E;
					};
					D2CB7DED1F78E7A10010423E = {
						CreatedOnToolsVersion = 8.3.3;
						ProvisioningStyle = Automatic;
						TestTargetID = D2CB7DC91F78E7A10010423E;
					};
				};
			};
			buildConfigurationList = D2CB7DC51F78E7A00010423E /* Build configuration list for PBXProject "DataPersistence" */;
			compatibilityVersion = "Xcode 3.2";
			developmentRegion = English;
			hasScannedForEncodings = 0;
			knownRegions = (
				en,
				Base,
			);
			mainGroup = D2CB7DC11F78E7A00010423E;
			productRefGroup = D2CB7DCB1F78E7A10010423E /* Products */;
			projectDirPath = "";
			projectRoot = "";
			targets = (
				D2CB7DC91F78E7A10010423E /* DataPersistence */,
				D2CB7DE21F78E7A10010423E /* DataPersistenceTests */,
				D2CB7DED1F78E7A10010423E /* DataPersistenceUITests */,
			);
		};
/* End PBXProject section */

/* Begin PBXResourcesBuildPhase section */
		D2CB7DC81F78E7A10010423E /* Resources */ = {
			isa = PBXResourcesBuildPhase;
			buildActionMask = 2147483647;
			files = (
				D2CB7DDD1F78E7A10010423E /* LaunchScreen.storyboard in Resources */,
				D2CB7DDA1F78E7A10010423E /* Assets.xcassets in Resources */,
				D2CB7DD81F78E7A10010423E /* Main.storyboard in Resources */,
			);
			runOnlyForDeploymentPostprocessing = 0;
		};
		D2CB7DE11F78E7A10010423E /* Resources */ = {
			isa = PBXResourcesBuildPhase;
			buildActionMask = 2147483647;
			files = (
			);
			runOnlyForDeploymentPostprocessing = 0;
		};
		D2CB7DEC1F78E7A10010423E /* Resources */ = {
			isa = PBXResourcesBuildPhase;
			buildActionMask = 2147483647;
			files = (
			);
			runOnlyForDeploymentPostprocessing = 0;
		};
/* End PBXResourcesBuildPhase section */

/* Begin PBXSourcesBuildPhase section */
		D2CB7DC61F78E7A10010423E /* Sources */ = {
			isa = PBXSourcesBuildPhase;
			buildActionMask = 2147483647;
			files = (
				D2CB7DD51F78E7A10010423E /* ViewController.m in Sources */,
				D2DE96C01F8F6C5700E0E050 /* Card+CoreDataClass.m in Sources */,
				D2CB7E111F7A32D60010423E /* NSArray+DesCription.m in Sources */,
				D2CB7DD21F78E7A10010423E /* AppDelegate.m in Sources */,
				D2DE96431F8F0CB200E0E050 /* CoreDataVC.m in Sources */,
				D2DE96BE1F8F6C5700E0E050 /* Person+CoreDataClass.m in Sources */,
				D2DE96BF1F8F6C5700E0E050 /* Person+CoreDataProperties.m in Sources */,
				D2CB7E121F7A32D60010423E /* NSDictionary+DesCription.m in Sources */,
				D2DE96461F8F0CF300E0E050 /* Model.xcdatamodeld in Sources */,
				D2CB7E051F79E2AA0010423E /* WriteToFileVC.m in Sources */,
				D2DE96C11F8F6C5700E0E050 /* Card+CoreDataProperties.m in Sources */,
				D2CB7E021F78EB630010423E /* NSKeyedArchiverVC.m in Sources */,
				D2CB7DCF1F78E7A10010423E /* main.m in Sources */,
			);
			runOnlyForDeploymentPostprocessing = 0;
		};
		D2CB7DDF1F78E7A10010423E /* Sources */ = {
			isa = PBXSourcesBuildPhase;
			buildActionMask = 2147483647;
			files = (
				D2CB7DE81F78E7A10010423E /* DataPersistenceTests.m in Sources */,
			);
			runOnlyForDeploymentPostprocessing = 0;
		};
		D2CB7DEA1F78E7A10010423E /* Sources */ = {
			isa = PBXSourcesBuildPhase;
			buildActionMask = 2147483647;
			files = (
				D2CB7DF31F78E7A10010423E /* DataPersistenceUITests.m in Sources */,
			);
			runOnlyForDeploymentPostprocessing = 0;
		};
/* End PBXSourcesBuildPhase section */

/* Begin PBXTargetDependency section */
		D2CB7DE51F78E7A10010423E /* PBXTargetDependency */ = {
			isa = PBXTargetDependency;
			target = D2CB7DC91F78E7A10010423E /* DataPersistence */;
			targetProxy = D2CB7DE41F78E7A10010423E /* PBXContainerItemProxy */;
		};
		D2CB7DF01F78E7A10010423E /* PBXTargetDependency */ = {
			isa = PBXTargetDependency;
			target = D2CB7DC91F78E7A10010423E /* DataPersistence */;
			targetProxy = D2CB7DEF1F78E7A10010423E /* PBXContainerItemProxy */;
		};
/* End PBXTargetDependency section */

/* Begin PBXVariantGroup section */
		D2CB7DD61F78E7A10010423E /* Main.storyboard */ = {
			isa = PBXVariantGroup;
			children = (
				D2CB7DD71F78E7A10010423E /* Base */,
			);
			name = Main.storyboard;
			sourceTree = "<group>";
		};
		D2CB7DDB1F78E7A10010423E /* LaunchScreen.storyboard */ = {
			isa = PBXVariantGroup;
			children = (
				D2CB7DDC1F78E7A10010423E /* Base */,
			);
			name = LaunchScreen.storyboard;
			sourceTree = "<group>";
		};
/* End PBXVariantGroup section */

/* Begin XCBuildConfiguration section */
		D2CB7DF51F78E7A10010423E /* Debug */ = {
			isa = XCBuildConfiguration;
			buildSettings = {
				ALWAYS_SEARCH_USER_PATHS = NO;
				CLANG_ANALYZER_NONNULL = YES;
				CLANG_ANALYZER_NUMBER_OBJECT_CONVERSION = YES_AGGRESSIVE;
				CLANG_CXX_LANGUAGE_STANDARD = "gnu++0x";
				CLANG_CXX_LIBRARY = "libc++";
				CLANG_ENABLE_MODULES = YES;
				CLANG_ENABLE_OBJC_ARC = YES;
				CLANG_WARN_BOOL_CONVERSION = YES;
				CLANG_WARN_CONSTANT_CONVERSION = YES;
				CLANG_WARN_DIRECT_OBJC_ISA_USAGE = YES_ERROR;
				CLANG_WARN_DOCUMENTATION_COMMENTS = YES;
				CLANG_WARN_EMPTY_BODY = YES;
				CLANG_WARN_ENUM_CONVERSION = YES;
				CLANG_WARN_INFINITE_RECURSION = YES;
				CLANG_WARN_INT_CONVERSION = YES;
				CLANG_WARN_OBJC_ROOT_CLASS = YES_ERROR;
				CLANG_WARN_SUSPICIOUS_MOVE = YES;
				CLANG_WARN_UNREACHABLE_CODE = YES;
				CLANG_WARN__DUPLICATE_METHOD_MATCH = YES;
				"CODE_SIGN_IDENTITY[sdk=iphoneos*]" = "iPhone Developer";
				COPY_PHASE_STRIP = NO;
				DEBUG_INFORMATION_FORMAT = dwarf;
				ENABLE_STRICT_OBJC_MSGSEND = YES;
				ENABLE_TESTABILITY = YES;
				GCC_C_LANGUAGE_STANDARD = gnu99;
				GCC_DYNAMIC_NO_PIC = NO;
				GCC_NO_COMMON_BLOCKS = YES;
				GCC_OPTIMIZATION_LEVEL = 0;
				GCC_PREPROCESSOR_DEFINITIONS = (
					"DEBUG=1",
					"$(inherited)",
				);
				GCC_WARN_64_TO_32_BIT_CONVERSION = YES;
				GCC_WARN_ABOUT_RETURN_TYPE = YES_ERROR;
				GCC_WARN_UNDECLARED_SELECTOR = YES;
				GCC_WARN_UNINITIALIZED_AUTOS = YES_AGGRESSIVE;
				GCC_WARN_UNUSED_FUNCTION = YES;
				GCC_WARN_UNUSED_VARIABLE = YES;
				IPHONEOS_DEPLOYMENT_TARGET = 10.3;
				MTL_ENABLE_DEBUG_INFO = YES;
				ONLY_ACTIVE_ARCH = YES;
				SDKROOT = iphoneos;
			};
			name = Debug;
		};
		D2CB7DF61F78E7A10010423E /* Release */ = {
			isa = XCBuildConfiguration;
			buildSettings = {
				ALWAYS_SEARCH_USER_PATHS = NO;
				CLANG_ANALYZER_NONNULL = YES;
				CLANG_ANALYZER_NUMBER_OBJECT_CONVERSION = YES_AGGRESSIVE;
				CLANG_CXX_LANGUAGE_STANDARD = "gnu++0x";
				CLANG_CXX_LIBRARY = "libc++";
				CLANG_ENABLE_MODULES = YES;
				CLANG_ENABLE_OBJC_ARC = YES;
				CLANG_WARN_BOOL_CONVERSION = YES;
				CLANG_WARN_CONSTANT_CONVERSION = YES;
				CLANG_WARN_DIRECT_OBJC_ISA_USAGE = YES_ERROR;
				CLANG_WARN_DOCUMENTATION_COMMENTS = YES;
				CLANG_WARN_EMPTY_BODY = YES;
				CLANG_WARN_ENUM_CONVERSION = YES;
				CLANG_WARN_INFINITE_RECURSION = YES;
				CLANG_WARN_INT_CONVERSION = YES;
				CLANG_WARN_OBJC_ROOT_CLASS = YES_ERROR;
				CLANG_WARN_SUSPICIOUS_MOVE = YES;
				CLANG_WARN_UNREACHABLE_CODE = YES;
				CLANG_WARN__DUPLICATE_METHOD_MATCH = YES;
				"CODE_SIGN_IDENTITY[sdk=iphoneos*]" = "iPhone Developer";
				COPY_PHASE_STRIP = NO;
				DEBUG_INFORMATION_FORMAT = "dwarf-with-dsym";
				ENABLE_NS_ASSERTIONS = NO;
				ENABLE_STRICT_OBJC_MSGSEND = YES;
				GCC_C_LANGUAGE_STANDARD = gnu99;
				GCC_NO_COMMON_BLOCKS = YES;
				GCC_WARN_64_TO_32_BIT_CONVERSION = YES;
				GCC_WARN_ABOUT_RETURN_TYPE = YES_ERROR;
				GCC_WARN_UNDECLARED_SELECTOR = YES;
				GCC_WARN_UNINITIALIZED_AUTOS = YES_AGGRESSIVE;
				GCC_WARN_UNUSED_FUNCTION = YES;
				GCC_WARN_UNUSED_VARIABLE = YES;
				IPHONEOS_DEPLOYMENT_TARGET = 10.3;
				MTL_ENABLE_DEBUG_INFO = NO;
				SDKROOT = iphoneos;
				VALIDATE_PRODUCT = YES;
			};
			name = Release;
		};
		D2CB7DF81F78E7A10010423E /* Debug */ = {
			isa = XCBuildConfiguration;
			buildSettings = {
				ASSETCATALOG_COMPILER_APPICON_NAME = AppIcon;
				INFOPLIST_FILE = DataPersistence/Info.plist;
				IPHONEOS_DEPLOYMENT_TARGET = 8.0;
				LD_RUNPATH_SEARCH_PATHS = "$(inherited) @executable_path/Frameworks";
				PRODUCT_BUNDLE_IDENTIFIER = com.du.DataPersistence;
				PRODUCT_NAME = "$(TARGET_NAME)";
			};
			name = Debug;
		};
		D2CB7DF91F78E7A10010423E /* Release */ = {
			isa = XCBuildConfiguration;
			buildSettings = {
				ASSETCATALOG_COMPILER_APPICON_NAME = AppIcon;
				INFOPLIST_FILE = DataPersistence/Info.plist;
				IPHONEOS_DEPLOYMENT_TARGET = 8.0;
				LD_RUNPATH_SEARCH_PATHS = "$(inherited) @executable_path/Frameworks";
				PRODUCT_BUNDLE_IDENTIFIER = com.du.DataPersistence;
				PRODUCT_NAME = "$(TARGET_NAME)";
			};
			name = Release;
		};
		D2CB7DFB1F78E7A10010423E /* Debug */ = {
			isa = XCBuildConfiguration;
			buildSettings = {
				BUNDLE_LOADER = "$(TEST_HOST)";
				INFOPLIST_FILE = DataPersistenceTests/Info.plist;
				LD_RUNPATH_SEARCH_PATHS = "$(inherited) @executable_path/Frameworks @loader_path/Frameworks";
				PRODUCT_BUNDLE_IDENTIFIER = com.du.DataPersistenceTests;
				PRODUCT_NAME = "$(TARGET_NAME)";
				TEST_HOST = "$(BUILT_PRODUCTS_DIR)/DataPersistence.app/DataPersistence";
			};
			name = Debug;
		};
		D2CB7DFC1F78E7A10010423E /* Release */ = {
			isa = XCBuildConfiguration;
			buildSettings = {
				BUNDLE_LOADER = "$(TEST_HOST)";
				INFOPLIST_FILE = DataPersistenceTests/Info.plist;
				LD_RUNPATH_SEARCH_PATHS = "$(inherited) @executable_path/Frameworks @loader_path/Frameworks";
				PRODUCT_BUNDLE_IDENTIFIER = com.du.DataPersistenceTests;
				PRODUCT_NAME = "$(TARGET_NAME)";
				TEST_HOST = "$(BUILT_PRODUCTS_DIR)/DataPersistence.app/DataPersistence";
			};
			name = Release;
		};
		D2CB7DFE1F78E7A10010423E /* Debug */ = {
			isa = XCBuildConfiguration;
			buildSettings = {
				INFOPLIST_FILE = DataPersistenceUITests/Info.plist;
				LD_RUNPATH_SEARCH_PATHS = "$(inherited) @executable_path/Frameworks @loader_path/Frameworks";
				PRODUCT_BUNDLE_IDENTIFIER = com.du.DataPersistenceUITests;
				PRODUCT_NAME = "$(TARGET_NAME)";
				TEST_TARGET_NAME = DataPersistence;
			};
			name = Debug;
		};
		D2CB7DFF1F78E7A10010423E /* Release */ = {
			isa = XCBuildConfiguration;
			buildSettings = {
				INFOPLIST_FILE = DataPersistenceUITests/Info.plist;
				LD_RUNPATH_SEARCH_PATHS = "$(inherited) @executable_path/Frameworks @loader_path/Frameworks";
				PRODUCT_BUNDLE_IDENTIFIER = com.du.DataPersistenceUITests;
				PRODUCT_NAME = "$(TARGET_NAME)";
				TEST_TARGET_NAME = DataPersistence;
			};
			name = Release;
		};
/* End XCBuildConfiguration section */

/* Begin XCConfigurationList section */
		D2CB7DC51F78E7A00010423E /* Build configuration list for PBXProject "DataPersistence" */ = {
			isa = XCConfigurationList;
			buildConfigurations = (
				D2CB7DF51F78E7A10010423E /* Debug */,
				D2CB7DF61F78E7A10010423E /* Release */,
			);
			defaultConfigurationIsVisible = 0;
			defaultConfigurationName = Release;
		};
		D2CB7DF71F78E7A10010423E /* Build configuration list for PBXNativeTarget "DataPersistence" */ = {
			isa = XCConfigurationList;
			buildConfigurations = (
				D2CB7DF81F78E7A10010423E /* Debug */,
				D2CB7DF91F78E7A10010423E /* Release */,
			);
			defaultConfigurationIsVisible = 0;
			defaultConfigurationName = Release;
		};
		D2CB7DFA1F78E7A10010423E /* Build configuration list for PBXNativeTarget "DataPersistenceTests" */ = {
			isa = XCConfigurationList;
			buildConfigurations = (
				D2CB7DFB1F78E7A10010423E /* Debug */,
				D2CB7DFC1F78E7A10010423E /* Release */,
			);
			defaultConfigurationIsVisible = 0;
			defaultConfigurationName = Release;
		};
		D2CB7DFD1F78E7A10010423E /* Build configuration list for PBXNativeTarget "DataPersistenceUITests" */ = {
			isa = XCConfigurationList;
			buildConfigurations = (
				D2CB7DFE1F78E7A10010423E /* Debug */,
				D2CB7DFF1F78E7A10010423E /* Release */,
			);
			defaultConfigurationIsVisible = 0;
			defaultConfigurationName = Release;
		};
/* End XCConfigurationList section */

/* Begin XCVersionGroup section */
		D2DE96441F8F0CF300E0E050 /* Model.xcdatamodeld */ = {
			isa = XCVersionGroup;
			children = (
				D2DE96451F8F0CF300E0E050 /* Model.xcdatamodel */,
			);
			currentVersion = D2DE96451F8F0CF300E0E050 /* Model.xcdatamodel */;
			path = Model.xcdatamodeld;
			sourceTree = "<group>";
			versionGroupType = wrapper.xcdatamodel;
		};
/* End XCVersionGroup section */
	};
	rootObject = D2CB7DC21F78E7A00010423E /* Project object */;
}
